<?xml version="1.0" encoding="utf-8"?>
<Project ToolsVersion="4.0" xmlns="http://schemas.microsoft.com/developer/msbuild/2003">
  <ItemGroup>
    <Filter Include="Quelldateien">
      <UniqueIdentifier>{4FC737F1-C7A5-4376-A066-2A32D752A2FF}</UniqueIdentifier>
      <Extensions>cpp;c;cc;cxx;def;odl;idl;hpj;bat;asm;asmx</Extensions>
    </Filter>
    <Filter Include="Headerdateien">
      <UniqueIdentifier>{93995380-89BD-4b04-88EB-625FBE52EBFB}</UniqueIdentifier>
      <Extensions>h;hh;hpp;hxx;hm;inl;inc;xsd</Extensions>
    </Filter>
    <Filter Include="Ressourcendateien">
      <UniqueIdentifier>{67DA6AB6-F800-4c08-8B7A-83BB121AAD01}</UniqueIdentifier>
      <Extensions>rc;ico;cur;bmp;dlg;rc2;rct;bin;rgs;gif;jpg;jpeg;jpe;resx;tiff;tif;png;wav;mfcribbon-ms</Extensions>
    </Filter>
    <Filter Include="Headerdateien\executables">
      <UniqueIdentifier>{fab9f156-da35-4c4b-b454-17c4f08318b5}</UniqueIdentifier>
    </Filter>
    <Filter Include="Quelldateien\executables">
      <UniqueIdentifier>{f56c94e6-680b-4230-9b25-bfeb76b20d83}</UniqueIdentifier>
    </Filter>
  </ItemGroup>
  <ItemGroup>
    <Text Include="ReadMe.txt" />
  </ItemGroup>
  <ItemGroup>
    <ClInclude Include="Builder.h">
      <Filter>Headerdateien</Filter>
    </ClInclude>
    <ClInclude Include="stdafx.h">
      <Filter>Headerdateien</Filter>
    </ClInclude>
    <ClInclude Include="HelperDefinitions.h">
      <Filter>Headerdateien</Filter>
    </ClInclude>
    <ClInclude Include="BuilderTask.h">
      <Filter>Headerdateien</Filter>
    </ClInclude>
    <ClInclude Include="Lexer.h">
      <Filter>Headerdateien\executables</Filter>
    </ClInclude>
    <ClInclude Include="CodeBase.h">
      <Filter>Headerdateien</Filter>
    </ClInclude>
    <ClInclude Include="Version.h">
      <Filter>Headerdateien</Filter>
    </ClInclude>
    <ClInclude Include="AST_Parser.h">
      <Filter>Headerdateien\executables</Filter>
    </ClInclude>
    <ClInclude Include="Token.h">
      <Filter>Headerdateien</Filter>
    </ClInclude>
    <ClInclude Include="AstExpr.h">
      <Filter>Headerdateien</Filter>
    </ClInclude>
    <ClInclude Include="CompileNotification.h">
      <Filter>Headerdateien</Filter>
    </ClInclude>
    <ClInclude Include="EIR_Parser.h">
      <Filter>Headerdateien\executables</Filter>
    </ClInclude>
    <ClInclude Include="EIR_Command.h">
      <Filter>Headerdateien</Filter>
    </ClInclude>
    <ClInclude Include="Linker.h">
      <Filter>Headerdateien\executables</Filter>
    </ClInclude>
    <ClInclude Include="Preprocessor.h">
      <Filter>Headerdateien\executables</Filter>
    </ClInclude>
  </ItemGroup>
  <ItemGroup>
    <ClCompile Include="Nigel.cpp">
      <Filter>Quelldateien</Filter>
    </ClCompile>
    <ClCompile Include="Builder.cpp">
      <Filter>Quelldateien</Filter>
    </ClCompile>
    <ClCompile Include="stdafx.cpp">
      <Filter>Quelldateien</Filter>
    </ClCompile>
    <ClCompile Include="HelperDefinitions.cpp">
      <Filter>Quelldateien</Filter>
    </ClCompile>
    <ClCompile Include="BuilderTask.cpp">
      <Filter>Quelldateien</Filter>
    </ClCompile>
    <ClCompile Include="Lexer.cpp">
      <Filter>Quelldateien\executables</Filter>
    </ClCompile>
    <ClCompile Include="CodeBase.cpp">
      <Filter>Quelldateien</Filter>
    </ClCompile>
    <ClCompile Include="AST_Parser.cpp">
      <Filter>Quelldateien\executables</Filter>
    </ClCompile>
    <ClCompile Include="Token.cpp">
      <Filter>Quelldateien</Filter>
    </ClCompile>
    <ClCompile Include="EIR_Parser.cpp">
      <Filter>Quelldateien\executables</Filter>
    </ClCompile>
    <ClCompile Include="Linker.cpp">
      <Filter>Quelldateien\executables</Filter>
    </ClCompile>
    <ClCompile Include="Preprocessor.cpp">
      <Filter>Quelldateien</Filter>
    </ClCompile>
  </ItemGroup>
</Project>